
Microsoft Visual Studio Solution File, Format Version 12.00
# Visual Studio Version 16
VisualStudioVersion = 16.0.33328.57
MinimumVisualStudioVersion = 10.0.40219.1
Project("{FAE04EC0-301F-11D3-BF4B-00C04F79EFBC}") = "Arkanoid", "Arkanoid\Arkanoid.csproj", "{0B3384B7-AFFB-4551-A65B-CD8B9F863219}"
EndProject
Global
	GlobalSection(SolutionConfigurationPlatforms) = preSolution
		Debug|Any CPU = Debug|Any CPU
		Release|Any CPU = Release|Any CPU
	EndGlobalSection
	GlobalSection(ProjectConfigurationPlatforms) = postSolution
		{0B3384B7-AFFB-4551-A65B-CD8B9F863219}.Debug|Any CPU.ActiveCfg = Debug|Any CPU
		{0B3384B7-AFFB-4551-A65B-CD8B9F863219}.Debug|Any CPU.Build.0 = Debug|Any CPU
		{0B3384B7-AFFB-4551-A65B-CD8B9F863219}.Release|Any CPU.ActiveCfg = Release|Any CPU
		{0B3384B7-AFFB-4551-A65B-CD8B9F863219}.Release|Any CPU.Build.0 = Release|Any CPU
	EndGlobalSection
	GlobalSection(SolutionProperties) = preSolution
		HideSolutionNode = FALSE
	EndGlobalSection
	GlobalSection(ExtensibilityGlobals) = postSolution
		SolutionGuid = {88109EC5-BB20-4AB4-9DE8-C8E3D4B23260}
	EndGlobalSection
EndGlobal
